{
  "name": "chrome-tabs",
  "version": "5.4.0",
  "lockfileVersion": 1,
  "requires": true,
  "dependencies": {
    "draggabilly": {
      "version": "2.2.0",
      "resolved": "https://registry.npmjs.org/draggabilly/-/draggabilly-2.2.0.tgz",
      "integrity": "sha512-SygXstYyzRgLcb7VGr03QYC7166wgoaUfBoA9y+hiI7Swkyct4NNFDrEmO6T4Sz35qo71j0QAmuTagUGcwxWbg==",
      "requires": {
        "get-size": "^2.0.2",
        "unidragger": "^2.3.0"
      }
    },
    "ev-emitter": {
      "version": "1.1.1",
      "resolved": "https://registry.npmjs.org/ev-emitter/-/ev-emitter-1.1.1.tgz",
      "integrity": "sha512-ipiDYhdQSCZ4hSbX4rMW+XzNKMD1prg/sTvoVmSLkuQ1MVlwjJQQA+sW8tMYR3BLUr9KjodFV4pvzunvRhd33Q=="
    },
    "get-size": {
      "version": "2.0.3",
      "resolved": "https://registry.npmjs.org/get-size/-/get-size-2.0.3.tgz",
      "integrity": "sha512-lXNzT/h/dTjTxRbm9BXb+SGxxzkm97h/PCIKtlN/CBCxxmkkIVV21udumMS93MuVTDX583gqc94v3RjuHmI+2Q=="
    },
    "unidragger": {
      "version": "2.3.0",
      "resolved": "https://registry.npmjs.org/unidragger/-/unidragger-2.3.0.tgz",
      "integrity": "sha512-dVkSqQdwcsaNmXaandBAOcJ4QVvkrDPosfCcZ7opYPkAiisCQaGlNw0pg00lBV4MQoWEXsEaiwhtQlbnvlXrQQ==",
      "requires": {
        "unipointer": "^2.3.0"
      }
    },
    "unipointer": {
      "version": "2.3.0",
      "resolved": "https://registry.npmjs.org/unipointer/-/unipointer-2.3.0.tgz",
      "integrity": "sha512-m85sAoELCZhogI1owtJV3Dva7GxkHk2lI7A0otw3o0OwCuC/Q9gi7ehddigEYIAYbhkqNdri+dU1QQkrcBvirQ==",
      "requires": {
        "ev-emitter": "^1.0.1"
      }
    }
  }
}
